
Microsoft Visual Studio Solution File, Format Version 12.00
# Visual Studio Version 16
VisualStudioVersion = 16.0.31005.135
MinimumVisualStudioVersion = 10.0.40219.1
Project("{FAE04EC0-301F-11D3-BF4B-00C04F79EFBC}") = "MEventsPlusV2", "MEventsPlusV2\MEventsPlusV2.csproj", "{41FFB0B9-DA09-49DB-BAC0-74BE3F4E9222}"
EndProject
Global
	GlobalSection(SolutionConfigurationPlatforms) = preSolution
		Debug|Any CPU = Debug|Any CPU
		Release|Any CPU = Release|Any CPU
	EndGlobalSection
	GlobalSection(ProjectConfigurationPlatforms) = postSolution
		{41FFB0B9-DA09-49DB-BAC0-74BE3F4E9222}.Debug|Any CPU.ActiveCfg = Debug|Any CPU
		{41FFB0B9-DA09-49DB-BAC0-74BE3F4E9222}.Debug|Any CPU.Build.0 = Debug|Any CPU
		{41FFB0B9-DA09-49DB-BAC0-74BE3F4E9222}.Release|Any CPU.ActiveCfg = Release|Any CPU
		{41FFB0B9-DA09-49DB-BAC0-74BE3F4E9222}.Release|Any CPU.Build.0 = Release|Any CPU
	EndGlobalSection
	GlobalSection(SolutionProperties) = preSolution
		HideSolutionNode = FALSE
	EndGlobalSection
	GlobalSection(ExtensibilityGlobals) = postSolution
		SolutionGuid = {04C653B3-F182-47A7-8F7D-3AFA5DEC4E02}
	EndGlobalSection
EndGlobal
